[[package]]
name = "googleapis-common-protos"
version = "1.53.0"
description = "Common protobufs used in Google APIs"
category = "main"
optional = false
python-versions = ">=3.6"

[package.dependencies]
protobuf = ">=3.12.0"

[package.extras]
grpc = ["grpcio (>=1.0.0)"]

[[package]]
name = "grpcio"
version = "1.39.0"
description = "HTTP/2-based RPC framework"
category = "main"
optional = false
python-versions = "*"

[package.dependencies]
six = ">=1.5.2"

[package.extras]
protobuf = ["grpcio-tools (>=1.39.0)"]

[[package]]
name = "grpcio-status"
version = "1.39.0"
description = "Status proto mapping for gRPC"
category = "main"
optional = false
python-versions = "*"

[package.dependencies]
googleapis-common-protos = ">=1.5.5"
grpcio = ">=1.39.0"
protobuf = ">=3.6.0"

[[package]]
name = "grpcio-tools"
version = "1.37.1"
description = "Protobuf code generator for gRPC"
category = "dev"
optional = false
python-versions = "*"

[package.dependencies]
grpcio = ">=1.37.1"
protobuf = ">=3.5.0.post1,<4.0dev"

[[package]]
name = "importlib-metadata"
version = "4.0.1"
description = "Read metadata from Python packages"
category = "dev"
optional = false
python-versions = ">=3.6"

[package.dependencies]
typing-extensions = {version = ">=3.6.4", markers = "python_version < \"3.8\""}
zipp = ">=0.5"

[package.extras]
docs = ["sphinx", "jaraco.packaging (>=8.2)", "rst.linker (>=1.9)"]
testing = ["pytest (>=4.6)", "pytest-checkdocs (>=2.4)", "pytest-flake8", "pytest-cov", "pytest-enabler (>=1.0.1)", "packaging", "pep517", "pyfakefs", "flufl.flake8", "pytest-black (>=0.3.7)", "pytest-mypy", "importlib-resources (>=1.3)"]

[[package]]
name = "mako"
version = "1.1.4"
description = "A super-fast templating language that borrows the  best ideas from the existing templating languages."
category = "dev"
optional = false
python-versions = ">=2.7, !=3.0.*, !=3.1.*, !=3.2.*, !=3.3.*"

[package.dependencies]
MarkupSafe = ">=0.9.2"

[package.extras]
babel = ["babel"]
lingua = ["lingua"]

[[package]]
name = "markdown"
version = "3.3.4"
description = "Python implementation of Markdown."
category = "dev"
optional = false
python-versions = ">=3.6"

[package.dependencies]
importlib-metadata = {version = "*", markers = "python_version < \"3.8\""}

[package.extras]
testing = ["coverage", "pyyaml"]

[[package]]
name = "markupsafe"
version = "1.1.1"
description = "Safely add untrusted strings to HTML/XML markup."
category = "dev"
optional = false
python-versions = ">=2.7,!=3.0.*,!=3.1.*,!=3.2.*,!=3.3.*"

[[package]]
name = "pdoc3"
version = "0.9.2"
description = "Auto-generate API documentation for Python projects."
category = "dev"
optional = false
python-versions = ">= 3.5"

[package.dependencies]
mako = "*"
markdown = ">=3.0"

[[package]]
name = "protobuf"
version = "3.16.0"
description = "Protocol Buffers"
category = "main"
optional = false
python-versions = "*"

[package.dependencies]
six = ">=1.9"

[[package]]
name = "six"
version = "1.16.0"
description = "Python 2 and 3 compatibility utilities"
category = "main"
optional = false
python-versions = ">=2.7, !=3.0.*, !=3.1.*, !=3.2.*"

[[package]]
name = "typing-extensions"
version = "3.10.0.0"
description = "Backported and Experimental Type Hints for Python 3.5+"
category = "dev"
optional = false
python-versions = "*"

[[package]]
name = "zipp"
version = "3.4.1"
description = "Backport of pathlib-compatible object wrapper for zip files"
category = "dev"
optional = false
python-versions = ">=3.6"

[package.extras]
docs = ["sphinx", "jaraco.packaging (>=8.2)", "rst.linker (>=1.9)"]
testing = ["pytest (>=4.6)", "pytest-checkdocs (>=1.2.3)", "pytest-flake8", "pytest-cov", "pytest-enabler", "jaraco.itertools", "func-timeout", "pytest-black (>=0.3.7)", "pytest-mypy"]

[metadata]
lock-version = "1.1"
python-versions = "^3.7"
content-hash = "783674a2da53461355235ae50623c01abfbf4828dc302ef0efa3f39d6f4de71e"

[metadata.files]
googleapis-common-protos = [
    {file = "googleapis-common-protos-1.53.0.tar.gz", hash = "sha256:a88ee8903aa0a81f6c3cec2d5cf62d3c8aa67c06439b0496b49048fb1854ebf4"},
    {file = "googleapis_common_protos-1.53.0-py2.py3-none-any.whl", hash = "sha256:f6d561ab8fb16b30020b940e2dd01cd80082f4762fa9f3ee670f4419b4b8dbd0"},
]
grpcio = [
    {file = "grpcio-1.39.0-cp27-cp27m-macosx_10_10_x86_64.whl", hash = "sha256:4163e022f365406be2da78db890035463371effea172300ce5af8a768142baf3"},
    {file = "grpcio-1.39.0-cp27-cp27m-manylinux2010_i686.whl", hash = "sha256:02e8a8b41db8e13df53078355b439363e4ac46d0ac9a8a461a39e42829e2bcf8"},
    {file = "grpcio-1.39.0-cp27-cp27m-manylinux2010_x86_64.whl", hash = "sha256:050901a5baa6c4ca445e1781ef4c32d864f965ccec70c46cd5ad92d15e282c6a"},
    {file = "grpcio-1.39.0-cp27-cp27m-win32.whl", hash = "sha256:1ab44dde4e1b225d3fc873535ca6e642444433131dd2891a601b75fb46c87c11"},
    {file = "grpcio-1.39.0-cp27-cp27m-win_amd64.whl", hash = "sha256:25731b2c20a4ed51bea7e3952d5e83d408a5df32d03c7553457b2e6eb8bcb16c"},
    {file = "grpcio-1.39.0-cp27-cp27mu-manylinux2010_i686.whl", hash = "sha256:a2733994b05ee5382da1d0378f6312b72c5cb202930c7fa20c794a24e96a1a34"},
    {file = "grpcio-1.39.0-cp27-cp27mu-manylinux2010_x86_64.whl", hash = "sha256:4039645b8b5d19064766f3a6fa535f1db52a61c4d4de97a6a8945331a354d527"},
    {file = "grpcio-1.39.0-cp35-cp35m-macosx_10_10_intel.whl", hash = "sha256:7b95b3329446408e2fe6db9b310d263303fa1a94649d08ec1e1cc12506743d26"},
    {file = "grpcio-1.39.0-cp35-cp35m-manylinux2010_i686.whl", hash = "sha256:2a4308875b9b986000513c6b04c2e7424f436a127f15547036c42d3cf8289374"},
    {file = "grpcio-1.39.0-cp35-cp35m-manylinux2010_x86_64.whl", hash = "sha256:4b3fcc1878a1a5b71e1ecdfe82c74f7cd9eadaa43e25be0d67676dcec0c9d39f"},
    {file = "grpcio-1.39.0-cp35-cp35m-manylinux2014_i686.whl", hash = "sha256:6d51be522b573cec14798d4742efaa69d234bedabce122fec2d5489abb3724d4"},
    {file = "grpcio-1.39.0-cp35-cp35m-manylinux2014_x86_64.whl", hash = "sha256:43c57987e526d1b893b85099424387b22de6e3eee4ea7188443de8d657d11cc0"},
    {file = "grpcio-1.39.0-cp35-cp35m-win32.whl", hash = "sha256:cd2e39a199bcbefb3f4b9fa6677c72b0e67332915550fed3bd7c28b454bf917d"},
    {file = "grpcio-1.39.0-cp35-cp35m-win_amd64.whl", hash = "sha256:5628e7cc69079159f9465388ff21fde1e1a780139f76dd99d319119d45156f45"},
    {file = "grpcio-1.39.0-cp36-cp36m-linux_armv7l.whl", hash = "sha256:3c14e2087f809973d5ee8ca64f772a089ead0167286f3f21fdda8b6029b50abb"},
    {file = "grpcio-1.39.0-cp36-cp36m-macosx_10_10_x86_64.whl", hash = "sha256:d5a105f5a595b89a0e394e5b147430b115333d07c55efb0c0eddc96055f0d951"},
    {file = "grpcio-1.39.0-cp36-cp36m-manylinux2010_i686.whl", hash = "sha256:366b6b35b3719c5570588e21d866460c5666ae74e3509c2a5a73ca79997abdaf"},
    {file = "grpcio-1.39.0-cp36-cp36m-manylinux2010_x86_64.whl", hash = "sha256:544e1c1a133b43893e03e828c8325be5b82e20d3b0ef0ee3942d32553052a1b5"},
    {file = "grpcio-1.39.0-cp36-cp36m-manylinux2014_i686.whl", hash = "sha256:a659f7c634cacfcf14657687a9fa3265b0a1844b1c19d140f3b66aebfba1a66b"},
    {file = "grpcio-1.39.0-cp36-cp36m-manylinux2014_x86_64.whl", hash = "sha256:b0ff14dd872030e6b2fce8a6811642bd30d93833f794d3782c7e9eb2f01234cc"},
    {file = "grpcio-1.39.0-cp36-cp36m-manylinux_2_24_aarch64.whl", hash = "sha256:2a958ad794292e12d8738a06754ebaf71662e635a89098916c18715b27ca2b5b"},
    {file = "grpcio-1.39.0-cp36-cp36m-win32.whl", hash = "sha256:ed845ba6253c4032d5a01b7fb9db8fe80299e9a437e695a698751b0b191174be"},
    {file = "grpcio-1.39.0-cp36-cp36m-win_amd64.whl", hash = "sha256:b236eb4b50d83754184b248b8b1041bb1546287fff7618c4b7001b9f257bb903"},
    {file = "grpcio-1.39.0-cp37-cp37m-linux_armv7l.whl", hash = "sha256:27e2c6213fc04e71a862bacccb51f3c8e722255933f01736ace183e92d860ee6"},
    {file = "grpcio-1.39.0-cp37-cp37m-macosx_10_10_x86_64.whl", hash = "sha256:5127f4ba1f52fda28037ae465cf4b0e5fabe89d5ac1d64d15b073b46b7db5e16"},
    {file = "grpcio-1.39.0-cp37-cp37m-manylinux2010_i686.whl", hash = "sha256:a6211150765cc2343e69879dfb856718b0f7477a4618b5f9a8f6c3ee84c047c0"},
    {file = "grpcio-1.39.0-cp37-cp37m-manylinux2010_x86_64.whl", hash = "sha256:691f5b3a75f072dfb7b093f46303f493b885b7a42f25a831868ffaa22ee85f9d"},
    {file = "grpcio-1.39.0-cp37-cp37m-manylinux2014_i686.whl", hash = "sha256:c8fe430add656b92419f6cd0680b64fbe6347c831d89a7788324f5037dfb3359"},
    {file = "grpcio-1.39.0-cp37-cp37m-manylinux2014_x86_64.whl", hash = "sha256:3cccf470fcaab65a1b0a826ff34bd7c0861eb82ed957a83c6647a983459e4ecd"},
    {file = "grpcio-1.39.0-cp37-cp37m-manylinux_2_24_aarch64.whl", hash = "sha256:2bc7eebb405aac2d7eecfaa881fd73b489f99c01470d7193b4431a6ce199b9c3"},
    {file = "grpcio-1.39.0-cp37-cp37m-win32.whl", hash = "sha256:52100d800390d58492ed1093de6faccd957de6fc29b1a0e5948c84f275d9228f"},
    {file = "grpcio-1.39.0-cp37-cp37m-win_amd64.whl", hash = "sha256:20f57c5d09a36e0d0c8fe16ee1905f4307edb1d04f6034b56320f7fbc1a1071a"},
    {file = "grpcio-1.39.0-cp38-cp38-linux_armv7l.whl", hash = "sha256:6ba6ad60009da2258cf15a72c51b7e0c2f58c8da517e97550881e488839e56c6"},
    {file = "grpcio-1.39.0-cp38-cp38-macosx_10_10_x86_64.whl", hash = "sha256:a1fb9936b86b5efdea417fe159934bcad82a6f8c6ab7d1beec4bf3a78324d975"},
    {file = "grpcio-1.39.0-cp38-cp38-manylinux2010_i686.whl", hash = "sha256:46cfb0f2b757673bfd36ab4b0e3d61988cc1a0d47e0597e91462dcbef7528f35"},
    {file = "grpcio-1.39.0-cp38-cp38-manylinux2010_x86_64.whl", hash = "sha256:f2621c82fbbff1496993aa5fbf60e235583c7f970506e818671ad52000b6f310"},
    {file = "grpcio-1.39.0-cp38-cp38-manylinux2014_i686.whl", hash = "sha256:e98aca5cfe05ca29950b3d99006b9ddb54fde6451cd12cb2db1443ae3b9fa076"},
    {file = "grpcio-1.39.0-cp38-cp38-manylinux2014_x86_64.whl", hash = "sha256:8ed1e52ad507a54d20e6aaedf4b3edcab18cc12031eafe6de898f97513d8997b"},
    {file = "grpcio-1.39.0-cp38-cp38-manylinux_2_24_aarch64.whl", hash = "sha256:3c57fa7fec932767bc553bfb956759f45026890255bd232b2f797c3bc4dfeba2"},
    {file = "grpcio-1.39.0-cp38-cp38-win32.whl", hash = "sha256:88dbef504b491b96e3238a6d5360b04508c34c62286080060c85fddd3caf7137"},
    {file = "grpcio-1.39.0-cp38-cp38-win_amd64.whl", hash = "sha256:cffdccc94e63710dd6ead01849443390632c8e0fec52dc26e4fddf9f28ac9280"},
    {file = "grpcio-1.39.0-cp39-cp39-linux_armv7l.whl", hash = "sha256:43e0f5c49f985c94332794aa6c4f15f3a1ced336f0c6a6c8946c67b5ab111ae9"},
    {file = "grpcio-1.39.0-cp39-cp39-macosx_10_10_x86_64.whl", hash = "sha256:dc3a24022a90c1754e54315009da6f949b48862c1d06daa54f9a28f89a5efacb"},
    {file = "grpcio-1.39.0-cp39-cp39-manylinux2010_i686.whl", hash = "sha256:476fa94ba8efb09213baabd757f6f93e839794d8ae0eaa371347d6899e8f57a0"},
    {file = "grpcio-1.39.0-cp39-cp39-manylinux2010_x86_64.whl", hash = "sha256:46d510a7af777d2f38ef4c1d25491add37cad24143012f3eebe72dc5c6d0fc4c"},
    {file = "grpcio-1.39.0-cp39-cp39-manylinux2014_i686.whl", hash = "sha256:5091b4a5ee8454a8f0c8ac45946ca25d6142c3be4b1fba141f1d62a6e0b5c696"},
    {file = "grpcio-1.39.0-cp39-cp39-manylinux2014_x86_64.whl", hash = "sha256:de83a045005703e7b9e67b61c38bb72cd49f68d9d2780d2c675353a3a3f2816f"},
    {file = "grpcio-1.39.0-cp39-cp39-manylinux_2_24_aarch64.whl", hash = "sha256:4258b778ce09ffa3b7c9a26971c216a34369e786771afbf4f98afe223f27d248"},
    {file = "grpcio-1.39.0-cp39-cp39-win32.whl", hash = "sha256:c44958a24559f875d902d5c1acb0ae43faa5a84f6120d1d0d800acb52f96516e"},
    {file = "grpcio-1.39.0-cp39-cp39-win_amd64.whl", hash = "sha256:2068a2b896ac67103c4a5453d5435fafcbb1a2f41eaf25148d08780096935cee"},
    {file = "grpcio-1.39.0.tar.gz", hash = "sha256:57974361a459d6fe04c9ae0af1845974606612249f467bbd2062d963cb90f407"},
]
grpcio-status = [
    {file = "grpcio-status-1.39.0.tar.gz", hash = "sha256:def8e442e66926f14b8e9e63417d9b99bbf4a64ee82e8c056d2fc6fa15f93221"},
    {file = "grpcio_status-1.39.0-py2-none-any.whl", hash = "sha256:35538f8fccb2254f87ab0a48b90f6c8db8b8addae907055e3cf5ba1cc3eee4bc"},
    {file = "grpcio_status-1.39.0-py3-none-any.whl", hash = "sha256:d556eb75dc8ff5d08a7b6bfe68e66888a868c9a00eaeb7c53cfdf52304751cea"},
]
grpcio-tools = [
    {file = "grpcio-tools-1.37.1.tar.gz", hash = "sha256:d775fb07cc6561174d6c86d11727a156c4ade969f7bf5edf623ffe2a428bee4e"},
    {file = "grpcio_tools-1.37.1-cp27-cp27m-macosx_10_10_x86_64.whl", hash = "sha256:a1e8eaa1e381689b71000578856391723f17445861e74df9efad9aa75e94b1ee"},
    {file = "grpcio_tools-1.37.1-cp27-cp27m-manylinux2010_i686.whl", hash = "sha256:09c6afaa35b268063fbc5e1c5a698c5d52e82fc9e58484217c9f231ae97fcc23"},
    {file = "grpcio_tools-1.37.1-cp27-cp27m-manylinux2010_x86_64.whl", hash = "sha256:2056acc3e8b715e8e7fac343d44ed0e05f294cdf3775d488c7c42159ed6acb4b"},
    {file = "grpcio_tools-1.37.1-cp27-cp27m-win32.whl", hash = "sha256:ebb2f445cb236f61ea98536da5344fc60c77e6543a048ebef412c25622f36436"},
    {file = "grpcio_tools-1.37.1-cp27-cp27m-win_amd64.whl", hash = "sha256:cba726ebd6198ed5fab03a54ab86212ce45299e00a3c56f65db74081d240cb1c"},
    {file = "grpcio_tools-1.37.1-cp27-cp27mu-manylinux2010_i686.whl", hash = "sha256:930181a99d8cf7a05d1b46a658d0f54d6d3359ce1ee100bc1689ab8ada13fe9e"},
    {file = "grpcio_tools-1.37.1-cp27-cp27mu-manylinux2010_x86_64.whl", hash = "sha256:974677ac643cbd37ecfcd67ac1e33a7182e24bc5b67372a05ec887b230366d5f"},
    {file = "grpcio_tools-1.37.1-cp35-cp35m-macosx_10_10_intel.whl", hash = "sha256:090e73ab4cf648a82c82069c7f8d95d0d2973fbf7101b263c78dd68b3176fcc9"},
    {file = "grpcio_tools-1.37.1-cp35-cp35m-manylinux2010_i686.whl", hash = "sha256:ccac333076ad354cdb3bb108d67d0a75d5a93b13eaf81323daff0aa050a40bb3"},
    {file = "grpcio_tools-1.37.1-cp35-cp35m-manylinux2010_x86_64.whl", hash = "sha256:cab777c7cd107d4a03ec528b660c6443f13fd26bfa14e56b13820420b8423aff"},
    {file = "grpcio_tools-1.37.1-cp35-cp35m-manylinux2014_i686.whl", hash = "sha256:939402ec6011c527bfa37c63189c0f1f69e585c95b6ca01de1222d81d70838a0"},
    {file = "grpcio_tools-1.37.1-cp35-cp35m-manylinux2014_x86_64.whl", hash = "sha256:36a8559fc0475bae6eb2eb18637b1c8ae5d8914cb43d58c3674fe476f534445b"},
    {file = "grpcio_tools-1.37.1-cp35-cp35m-win32.whl", hash = "sha256:a5165e6ef456ac14aa631afdeb70fbd154fd3eec0e658bacd1e4c60c4fd73ddb"},
    {file = "grpcio_tools-1.37.1-cp35-cp35m-win_amd64.whl", hash = "sha256:35b2d64ee1cb80074f98dcb6fbc688a35f2d54b01fb2f4cc4727f8e79ef03356"},
    {file = "grpcio_tools-1.37.1-cp36-cp36m-linux_armv7l.whl", hash = "sha256:f75d4493a9efea530037cb0b92fecef6d3d712b67b5279fe145399ece632487f"},
    {file = "grpcio_tools-1.37.1-cp36-cp36m-macosx_10_10_x86_64.whl", hash = "sha256:878568d44562171f78fda9a048d589955edfc49860b6239ae280395b420bfc66"},
    {file = "grpcio_tools-1.37.1-cp36-cp36m-manylinux2010_i686.whl", hash = "sha256:fd77c94cac4fb925f4d0ee709fb64a54726abe9066ef0181a62b96ca56977033"},
    {file = "grpcio_tools-1.37.1-cp36-cp36m-manylinux2010_x86_64.whl", hash = "sha256:7ce4f0363038fff2e76ab0930633542c52ea8249be91c4922b4d60f2d9c7c798"},
    {file = "grpcio_tools-1.37.1-cp36-cp36m-manylinux2014_aarch64.whl", hash = "sha256:cd603a84ee6778ddaf44ac502c507bbaff31c0c886c1e5243fed85ef8cc93e3b"},
    {file = "grpcio_tools-1.37.1-cp36-cp36m-manylinux2014_i686.whl", hash = "sha256:9d1debe310b5b865c3385b2d3764fe369daf9f046d43f257452de4b5d33b78e9"},
    {file = "grpcio_tools-1.37.1-cp36-cp36m-manylinux2014_x86_64.whl", hash = "sha256:b6d31d6ead93209981caafe4961279d064ee4befc2b667fc1de88992f32071b3"},
    {file = "grpcio_tools-1.37.1-cp36-cp36m-win32.whl", hash = "sha256:a464378a9274b99bc683f50e9a494d7c3a326e7f627589981078976d708d8f21"},
    {file = "grpcio_tools-1.37.1-cp36-cp36m-win_amd64.whl", hash = "sha256:a2fdc548a51bfd10b2ad83c6d811c9618614523c079d09bf85213641d2ba3302"},
    {file = "grpcio_tools-1.37.1-cp37-cp37m-linux_armv7l.whl", hash = "sha256:2a478a074e454fc4d833468597158e03d1cee12dae7106fc93465e646ee7bb8a"},
    {file = "grpcio_tools-1.37.1-cp37-cp37m-macosx_10_10_x86_64.whl", hash = "sha256:2dff4eb17b42e3e81e9c68994c84691ade057b132e830545fed8619dd043ad01"},
    {file = "grpcio_tools-1.37.1-cp37-cp37m-manylinux2010_i686.whl", hash = "sha256:b8bcfca91cc0f76f897735028e3ef0a1c358c3edfdc3f48b36e4f46f3c97efbd"},
    {file = "grpcio_tools-1.37.1-cp37-cp37m-manylinux2010_x86_64.whl", hash = "sha256:b59c264a4a5c4b0d0e5674f92b887c4bee2a18189ef6e47598c97f4602d22c9b"},
    {file = "grpcio_tools-1.37.1-cp37-cp37m-manylinux2014_aarch64.whl", hash = "sha256:69e7ab498be6511cf832bf8679394471bb76e684ada6540f57a00030f3ab4d6f"},
    {file = "grpcio_tools-1.37.1-cp37-cp37m-manylinux2014_i686.whl", hash = "sha256:2d43f9537a8f2f78f0def659e95bdd2aedde8672b99f29e9692a6aadea7aaed3"},
    {file = "grpcio_tools-1.37.1-cp37-cp37m-manylinux2014_x86_64.whl", hash = "sha256:7c9db39e17a19131e28af4d19099d71525a907b51535e0a6214bb2092b24f63b"},
    {file = "grpcio_tools-1.37.1-cp37-cp37m-win32.whl", hash = "sha256:e71cd8efa06fb1acb55ce3fa256da2d8a0421b279e1a2068acd40c157d2651c5"},
    {file = "grpcio_tools-1.37.1-cp37-cp37m-win_amd64.whl", hash = "sha256:dfe7f4d1e17dd64ec6aa732418c2f676371a817eb07b9e50e0b71c09ff71ded7"},
    {file = "grpcio_tools-1.37.1-cp38-cp38-linux_armv7l.whl", hash = "sha256:7a5367532edea169ea5dee0a2290e81d41ed3352e61dbd2c5b3a6ccbd97dace2"},
    {file = "grpcio_tools-1.37.1-cp38-cp38-macosx_10_10_x86_64.whl", hash = "sha256:b3324cc1e72f88f32a2bed7a2f73f5d4fef00899036e821dea5d98c6f64325bc"},
    {file = "grpcio_tools-1.37.1-cp38-cp38-manylinux2010_i686.whl", hash = "sha256:36a40a3591a9cdb1ee44ce055ec8006743ee686a8989f31f88439c3231a7ee2d"},
    {file = "grpcio_tools-1.37.1-cp38-cp38-manylinux2010_x86_64.whl", hash = "sha256:442c68f9239eab84d3a64f27dfb70c56a0fdb4b6eec56bdd42cb615aad9b3f18"},
    {file = "grpcio_tools-1.37.1-cp38-cp38-manylinux2014_aarch64.whl", hash = "sha256:6e2e8415cd975e1d86387ce0e62e4820886cbab7115df0ed8354946535e8ab1b"},
    {file = "grpcio_tools-1.37.1-cp38-cp38-manylinux2014_i686.whl", hash = "sha256:d29777e2e82446ae95427755a87ecacd29baaf8081a61ffaf034fbf8064bec56"},
    {file = "grpcio_tools-1.37.1-cp38-cp38-manylinux2014_x86_64.whl", hash = "sha256:0cf44026497f874c8cd0007e724b84950d0f7f70276f9f858c84fddfd06ee946"},
    {file = "grpcio_tools-1.37.1-cp38-cp38-win32.whl", hash = "sha256:78130149ffa40fcf06097788a948c0e52d5ccf848c385306ca4c6d64d9869cf1"},
    {file = "grpcio_tools-1.37.1-cp38-cp38-win_amd64.whl", hash = "sha256:5ac5043886f9a3f742d18e5d25aef3e951811e780a48b76a53d86955f3e50a12"},
    {file = "grpcio_tools-1.37.1-cp39-cp39-linux_armv7l.whl", hash = "sha256:cce6bb815241a5ab5d8e70cc137cf9d6005ce9bf73ae23d8364f64fe4b6a8043"},
    {file = "grpcio_tools-1.37.1-cp39-cp39-macosx_10_10_x86_64.whl", hash = "sha256:78db6525af7228d1d64e4531be8036b54497100c20af4b1bdad8d0ee07a7c7cb"},
    {file = "grpcio_tools-1.37.1-cp39-cp39-manylinux2010_i686.whl", hash = "sha256:46e90c20faebff5332ff604fe202104740fd20968e183a12399a3a58135d1f3d"},
    {file = "grpcio_tools-1.37.1-cp39-cp39-manylinux2010_x86_64.whl", hash = "sha256:216aa4284c8cc9c491bf8311a10192f9f9b49a7e57463abe1ca7b757fd232f8b"},
    {file = "grpcio_tools-1.37.1-cp39-cp39-manylinux2014_aarch64.whl", hash = "sha256:9ac5fd7eb16a8bc175ef9a4313cf039d64eae48acb9513ca82c3f6fb9483d0bf"},
    {file = "grpcio_tools-1.37.1-cp39-cp39-manylinux2014_i686.whl", hash = "sha256:8e5e7e2ce74e7145ba59495c1cc3357fa0c62f85e77ed7d5c09dc5be194a8a43"},
    {file = "grpcio_tools-1.37.1-cp39-cp39-manylinux2014_x86_64.whl", hash = "sha256:6a7cd8c81d22d9420c712fa383fb8a4c4f55326037222f0f5095382a8d4d4e1a"},
    {file = "grpcio_tools-1.37.1-cp39-cp39-win32.whl", hash = "sha256:98fcd8d1a7b347f835c1b1d104931a4522cec2c08fc0eafb13a8e7a325a62fed"},
    {file = "grpcio_tools-1.37.1-cp39-cp39-win_amd64.whl", hash = "sha256:63d701170d5dd64b5eaeb291c75de9320b447bfea8df3a21ebb5fa954b792aae"},
]
importlib-metadata = [
    {file = "importlib_metadata-4.0.1-py3-none-any.whl", hash = "sha256:d7eb1dea6d6a6086f8be21784cc9e3bcfa55872b52309bc5fad53a8ea444465d"},
    {file = "importlib_metadata-4.0.1.tar.gz", hash = "sha256:8c501196e49fb9df5df43833bdb1e4328f64847763ec8a50703148b73784d581"},
]
mako = [
    {file = "Mako-1.1.4-py2.py3-none-any.whl", hash = "sha256:aea166356da44b9b830c8023cd9b557fa856bd8b4035d6de771ca027dfc5cc6e"},
    {file = "Mako-1.1.4.tar.gz", hash = "sha256:17831f0b7087c313c0ffae2bcbbd3c1d5ba9eeac9c38f2eb7b50e8c99fe9d5ab"},
]
markdown = [
    {file = "Markdown-3.3.4-py3-none-any.whl", hash = "sha256:96c3ba1261de2f7547b46a00ea8463832c921d3f9d6aba3f255a6f71386db20c"},
    {file = "Markdown-3.3.4.tar.gz", hash = "sha256:31b5b491868dcc87d6c24b7e3d19a0d730d59d3e46f4eea6430a321bed387a49"},
]
markupsafe = [
    {file = "MarkupSafe-1.1.1-cp27-cp27m-macosx_10_6_intel.whl", hash = "sha256:09027a7803a62ca78792ad89403b1b7a73a01c8cb65909cd876f7fcebd79b161"},
    {file = "MarkupSafe-1.1.1-cp27-cp27m-manylinux1_i686.whl", hash = "sha256:e249096428b3ae81b08327a63a485ad0878de3fb939049038579ac0ef61e17e7"},
    {file = "MarkupSafe-1.1.1-cp27-cp27m-manylinux1_x86_64.whl", hash = "sha256:500d4957e52ddc3351cabf489e79c91c17f6e0899158447047588650b5e69183"},
    {file = "MarkupSafe-1.1.1-cp27-cp27m-win32.whl", hash = "sha256:b2051432115498d3562c084a49bba65d97cf251f5a331c64a12ee7e04dacc51b"},
    {file = "MarkupSafe-1.1.1-cp27-cp27m-win_amd64.whl", hash = "sha256:98c7086708b163d425c67c7a91bad6e466bb99d797aa64f965e9d25c12111a5e"},
    {file = "MarkupSafe-1.1.1-cp27-cp27mu-manylinux1_i686.whl", hash = "sha256:cd5df75523866410809ca100dc9681e301e3c27567cf498077e8551b6d20e42f"},
    {file = "MarkupSafe-1.1.1-cp27-cp27mu-manylinux1_x86_64.whl", hash = "sha256:43a55c2930bbc139570ac2452adf3d70cdbb3cfe5912c71cdce1c2c6bbd9c5d1"},
    {file = "MarkupSafe-1.1.1-cp34-cp34m-macosx_10_6_intel.whl", hash = "sha256:1027c282dad077d0bae18be6794e6b6b8c91d58ed8a8d89a89d59693b9131db5"},
    {file = "MarkupSafe-1.1.1-cp34-cp34m-manylinux1_i686.whl", hash = "sha256:62fe6c95e3ec8a7fad637b7f3d372c15ec1caa01ab47926cfdf7a75b40e0eac1"},
    {file = "MarkupSafe-1.1.1-cp34-cp34m-manylinux1_x86_64.whl", hash = "sha256:88e5fcfb52ee7b911e8bb6d6aa2fd21fbecc674eadd44118a9cc3863f938e735"},
    {file = "MarkupSafe-1.1.1-cp34-cp34m-win32.whl", hash = "sha256:ade5e387d2ad0d7ebf59146cc00c8044acbd863725f887353a10df825fc8ae21"},
    {file = "MarkupSafe-1.1.1-cp34-cp34m-win_amd64.whl", hash = "sha256:09c4b7f37d6c648cb13f9230d847adf22f8171b1ccc4d5682398e77f40309235"},
    {file = "MarkupSafe-1.1.1-cp35-cp35m-macosx_10_6_intel.whl", hash = "sha256:79855e1c5b8da654cf486b830bd42c06e8780cea587384cf6545b7d9ac013a0b"},
    {file = "MarkupSafe-1.1.1-cp35-cp35m-manylinux1_i686.whl", hash = "sha256:c8716a48d94b06bb3b2524c2b77e055fb313aeb4ea620c8dd03a105574ba704f"},
    {file = "MarkupSafe-1.1.1-cp35-cp35m-manylinux1_x86_64.whl", hash = "sha256:7c1699dfe0cf8ff607dbdcc1e9b9af1755371f92a68f706051cc8c37d447c905"},
    {file = "MarkupSafe-1.1.1-cp35-cp35m-win32.whl", hash = "sha256:6dd73240d2af64df90aa7c4e7481e23825ea70af4b4922f8ede5b9e35f78a3b1"},
    {file = "MarkupSafe-1.1.1-cp35-cp35m-win_amd64.whl", hash = "sha256:9add70b36c5666a2ed02b43b335fe19002ee5235efd4b8a89bfcf9005bebac0d"},
    {file = "MarkupSafe-1.1.1-cp36-cp36m-macosx_10_6_intel.whl", hash = "sha256:24982cc2533820871eba85ba648cd53d8623687ff11cbb805be4ff7b4c971aff"},
    {file = "MarkupSafe-1.1.1-cp36-cp36m-macosx_10_9_x86_64.whl", hash = "sha256:d53bc011414228441014aa71dbec320c66468c1030aae3a6e29778a3382d96e5"},
    {file = "MarkupSafe-1.1.1-cp36-cp36m-manylinux1_i686.whl", hash = "sha256:00bc623926325b26bb9605ae9eae8a215691f33cae5df11ca5424f06f2d1f473"},
    {file = "MarkupSafe-1.1.1-cp36-cp36m-manylinux1_x86_64.whl", hash = "sha256:717ba8fe3ae9cc0006d7c451f0bb265ee07739daf76355d06366154ee68d221e"},
    {file = "MarkupSafe-1.1.1-cp36-cp36m-manylinux2010_i686.whl", hash = "sha256:3b8a6499709d29c2e2399569d96719a1b21dcd94410a586a18526b143ec8470f"},
    {file = "MarkupSafe-1.1.1-cp36-cp36m-manylinux2010_x86_64.whl", hash = "sha256:84dee80c15f1b560d55bcfe6d47b27d070b4681c699c572af2e3c7cc90a3b8e0"},
    {file = "MarkupSafe-1.1.1-cp36-cp36m-manylinux2014_aarch64.whl", hash = "sha256:b1dba4527182c95a0db8b6060cc98ac49b9e2f5e64320e2b56e47cb2831978c7"},
    {file = "MarkupSafe-1.1.1-cp36-cp36m-win32.whl", hash = "sha256:535f6fc4d397c1563d08b88e485c3496cf5784e927af890fb3c3aac7f933ec66"},
    {file = "MarkupSafe-1.1.1-cp36-cp36m-win_amd64.whl", hash = "sha256:b1282f8c00509d99fef04d8ba936b156d419be841854fe901d8ae224c59f0be5"},
    {file = "MarkupSafe-1.1.1-cp37-cp37m-macosx_10_6_intel.whl", hash = "sha256:8defac2f2ccd6805ebf65f5eeb132adcf2ab57aa11fdf4c0dd5169a004710e7d"},
    {file = "MarkupSafe-1.1.1-cp37-cp37m-macosx_10_9_x86_64.whl", hash = "sha256:bf5aa3cbcfdf57fa2ee9cd1822c862ef23037f5c832ad09cfea57fa846dec193"},
    {file = "MarkupSafe-1.1.1-cp37-cp37m-manylinux1_i686.whl", hash = "sha256:46c99d2de99945ec5cb54f23c8cd5689f6d7177305ebff350a58ce5f8de1669e"},
    {file = "MarkupSafe-1.1.1-cp37-cp37m-manylinux1_x86_64.whl", hash = "sha256:ba59edeaa2fc6114428f1637ffff42da1e311e29382d81b339c1817d37ec93c6"},
    {file = "MarkupSafe-1.1.1-cp37-cp37m-manylinux2010_i686.whl", hash = "sha256:6fffc775d90dcc9aed1b89219549b329a9250d918fd0b8fa8d93d154918422e1"},
    {file = "MarkupSafe-1.1.1-cp37-cp37m-manylinux2010_x86_64.whl", hash = "sha256:a6a744282b7718a2a62d2ed9d993cad6f5f585605ad352c11de459f4108df0a1"},
    {file = "MarkupSafe-1.1.1-cp37-cp37m-manylinux2014_aarch64.whl", hash = "sha256:195d7d2c4fbb0ee8139a6cf67194f3973a6b3042d742ebe0a9ed36d8b6f0c07f"},
    {file = "MarkupSafe-1.1.1-cp37-cp37m-win32.whl", hash = "sha256:b00c1de48212e4cc9603895652c5c410df699856a2853135b3967591e4beebc2"},
    {file = "MarkupSafe-1.1.1-cp37-cp37m-win_amd64.whl", hash = "sha256:9bf40443012702a1d2070043cb6291650a0841ece432556f784f004937f0f32c"},
    {file = "MarkupSafe-1.1.1-cp38-cp38-macosx_10_9_x86_64.whl", hash = "sha256:6788b695d50a51edb699cb55e35487e430fa21f1ed838122d722e0ff0ac5ba15"},
    {file = "MarkupSafe-1.1.1-cp38-cp38-manylinux1_i686.whl", hash = "sha256:cdb132fc825c38e1aeec2c8aa9338310d29d337bebbd7baa06889d09a60a1fa2"},
    {file = "MarkupSafe-1.1.1-cp38-cp38-manylinux1_x86_64.whl", hash = "sha256:13d3144e1e340870b25e7b10b98d779608c02016d5184cfb9927a9f10c689f42"},
    {file = "MarkupSafe-1.1.1-cp38-cp38-manylinux2010_i686.whl", hash = "sha256:acf08ac40292838b3cbbb06cfe9b2cb9ec78fce8baca31ddb87aaac2e2dc3bc2"},
    {file = "MarkupSafe-1.1.1-cp38-cp38-manylinux2010_x86_64.whl", hash = "sha256:d9be0ba6c527163cbed5e0857c451fcd092ce83947944d6c14bc95441203f032"},
    {file = "MarkupSafe-1.1.1-cp38-cp38-manylinux2014_aarch64.whl", hash = "sha256:caabedc8323f1e93231b52fc32bdcde6db817623d33e100708d9a68e1f53b26b"},
    {file = "MarkupSafe-1.1.1-cp38-cp38-win32.whl", hash = "sha256:596510de112c685489095da617b5bcbbac7dd6384aeebeda4df6025d0256a81b"},
    {file = "MarkupSafe-1.1.1-cp38-cp38-win_amd64.whl", hash = "sha256:e8313f01ba26fbbe36c7be1966a7b7424942f670f38e666995b88d012765b9be"},
    {file = "MarkupSafe-1.1.1-cp39-cp39-macosx_10_9_x86_64.whl", hash = "sha256:d73a845f227b0bfe8a7455ee623525ee656a9e2e749e4742706d80a6065d5e2c"},
    {file = "MarkupSafe-1.1.1-cp39-cp39-manylinux1_i686.whl", hash = "sha256:98bae9582248d6cf62321dcb52aaf5d9adf0bad3b40582925ef7c7f0ed85fceb"},
    {file = "MarkupSafe-1.1.1-cp39-cp39-manylinux1_x86_64.whl", hash = "sha256:2beec1e0de6924ea551859edb9e7679da6e4870d32cb766240ce17e0a0ba2014"},
    {file = "MarkupSafe-1.1.1-cp39-cp39-manylinux2010_i686.whl", hash = "sha256:7fed13866cf14bba33e7176717346713881f56d9d2bcebab207f7a036f41b850"},
    {file = "MarkupSafe-1.1.1-cp39-cp39-manylinux2010_x86_64.whl", hash = "sha256:6f1e273a344928347c1290119b493a1f0303c52f5a5eae5f16d74f48c15d4a85"},
    {file = "MarkupSafe-1.1.1-cp39-cp39-manylinux2014_aarch64.whl", hash = "sha256:feb7b34d6325451ef96bc0e36e1a6c0c1c64bc1fbec4b854f4529e51887b1621"},
    {file = "MarkupSafe-1.1.1-cp39-cp39-win32.whl", hash = "sha256:22c178a091fc6630d0d045bdb5992d2dfe14e3259760e713c490da5323866c39"},
    {file = "MarkupSafe-1.1.1-cp39-cp39-win_amd64.whl", hash = "sha256:b7d644ddb4dbd407d31ffb699f1d140bc35478da613b441c582aeb7c43838dd8"},
    {file = "MarkupSafe-1.1.1.tar.gz", hash = "sha256:29872e92839765e546828bb7754a68c418d927cd064fd4708fab9fe9c8bb116b"},
]
pdoc3 = [
    {file = "pdoc3-0.9.2.tar.gz", hash = "sha256:9df5d931f25f353c69c46819a3bd03ef96dd286f2a70bb1b93a23a781f91faa1"},
]
protobuf = [
    {file = "protobuf-3.16.0-cp27-cp27m-macosx_10_9_x86_64.whl", hash = "sha256:d3b9988f1a3591d900a090887ae4c41592e252bef5b249ad7e1fc46c21617534"},
    {file = "protobuf-3.16.0-cp27-cp27mu-manylinux_2_5_x86_64.manylinux1_x86_64.whl", hash = "sha256:8ec649186f5443cab12692438190988bb9058dbfa5851d10d59a1c7214159a5f"},
    {file = "protobuf-3.16.0-cp35-cp35m-macosx_10_9_intel.whl", hash = "sha256:9191e97d92b62424423ce5a5604047fd76c80a4f463fbd10c9d8b82928f152cf"},
    {file = "protobuf-3.16.0-cp35-cp35m-manylinux_2_5_x86_64.manylinux1_x86_64.whl", hash = "sha256:49dd3550bb42050d1676378c3fef91ff058d7023b77ac6f3179eb2a1c6c562d7"},
    {file = "protobuf-3.16.0-cp35-cp35m-win32.whl", hash = "sha256:675d8e7463e03cf8343792935d62b80d90839d56a228c941dfdddda946eea066"},
    {file = "protobuf-3.16.0-cp35-cp35m-win_amd64.whl", hash = "sha256:b85ad5fe54163350067a53c0c170211c9f752dd4b4d8f339eb5aea8e987614a9"},
    {file = "protobuf-3.16.0-cp36-cp36m-macosx_10_9_x86_64.whl", hash = "sha256:bc1ba824ff750c2ead1e7b8dd049bb5ddf8658d056cf4b989f04c68b049a47a7"},
    {file = "protobuf-3.16.0-cp36-cp36m-manylinux_2_5_x86_64.manylinux1_x86_64.whl", hash = "sha256:80b233553ff500378becc372721541902c567e51b2654b68513d7b89c43dbc4b"},
    {file = "protobuf-3.16.0-cp36-cp36m-win32.whl", hash = "sha256:2cec059f4821c8f58890920a5c8a828ea027d46d5b18cb5e9dd4c727c65a2aa0"},
    {file = "protobuf-3.16.0-cp36-cp36m-win_amd64.whl", hash = "sha256:ef9c2d0b3c0935725b547175745ceacb86f4d410b1e984d47e320c9efb1936c5"},
    {file = "protobuf-3.16.0-cp37-cp37m-macosx_10_9_x86_64.whl", hash = "sha256:c0f760adc1dd3dfe6d13af529b2ab42bb3fff1a2a00a6873b583b4ce0048ddff"},
    {file = "protobuf-3.16.0-cp37-cp37m-manylinux_2_5_x86_64.manylinux1_x86_64.whl", hash = "sha256:c94ee9832fded92a11920b10d75c5aa7f4ef910b0bd463c039e102c8d7eb2c46"},
    {file = "protobuf-3.16.0-cp37-cp37m-win32.whl", hash = "sha256:8c0d3a5aa3412a440a9384349f6095991e8a5012e619cf5f57f042829f65cdb3"},
    {file = "protobuf-3.16.0-cp37-cp37m-win_amd64.whl", hash = "sha256:11301f1993f67dc81fc5c4756623652c899f7b5574b1e095d63bfc78347b11f3"},
    {file = "protobuf-3.16.0-cp38-cp38-macosx_10_9_x86_64.whl", hash = "sha256:4bb7064727953d9187f6806230968b98e1ce4ec03bd737600e8380a9e5a6ac15"},
    {file = "protobuf-3.16.0-cp38-cp38-manylinux_2_5_x86_64.manylinux1_x86_64.whl", hash = "sha256:bf9a5caa0e0093552c2cc6051facef15b9c9ad4b1bde70430964edf99eaf2dad"},
    {file = "protobuf-3.16.0-cp39-cp39-macosx_10_9_x86_64.whl", hash = "sha256:c356d038a4e4cf52ccd7aff8022fc6a76daa0be5ecf2517ed75b87d32be0405d"},
    {file = "protobuf-3.16.0-cp39-cp39-manylinux_2_5_x86_64.manylinux1_x86_64.whl", hash = "sha256:648178381d9dbbc736849443151533ab958e7b8bcbd658a62ad10906552fddcc"},
    {file = "protobuf-3.16.0-py2.py3-none-any.whl", hash = "sha256:be831508b9207156309a88b9d115dbae0caa4a987b05f1aa4fed4c5ac53ec51b"},
    {file = "protobuf-3.16.0.tar.gz", hash = "sha256:228eecbedd46d75010f1e0f8ce34dbcd11ae5a40c165a9fc9d330a58aa302818"},
]
six = [
    {file = "six-1.16.0-py2.py3-none-any.whl", hash = "sha256:8abb2f1d86890a2dfb989f9a77cfcfd3e47c2a354b01111771326f8aa26e0254"},
    {file = "six-1.16.0.tar.gz", hash = "sha256:1e61c37477a1626458e36f7b1d82aa5c9b094fa4802892072e49de9c60c4c926"},
]
typing-extensions = [
    {file = "typing_extensions-3.10.0.0-py2-none-any.whl", hash = "sha256:0ac0f89795dd19de6b97debb0c6af1c70987fd80a2d62d1958f7e56fcc31b497"},
    {file = "typing_extensions-3.10.0.0-py3-none-any.whl", hash = "sha256:779383f6086d90c99ae41cf0ff39aac8a7937a9283ce0a414e5dd782f4c94a84"},
    {file = "typing_extensions-3.10.0.0.tar.gz", hash = "sha256:50b6f157849174217d0656f99dc82fe932884fb250826c18350e159ec6cdf342"},
]
zipp = [
    {file = "zipp-3.4.1-py3-none-any.whl", hash = "sha256:51cb66cc54621609dd593d1787f286ee42a5c0adbb4b29abea5a63edc3e03098"},
    {file = "zipp-3.4.1.tar.gz", hash = "sha256:3607921face881ba3e026887d8150cca609d517579abe052ac81fc5aeffdbd76"},
]
